
Microsoft Visual Studio Solution File, Format Version 12.00
# Visual Studio Version 16
VisualStudioVersion = 16.0.30517.126
MinimumVisualStudioVersion = 10.0.40219.1
Project("{FAE04EC0-301F-11D3-BF4B-00C04F79EFBC}") = "CA201019", "CA201019\CA201019.csproj", "{043E50F5-E7DD-4479-AD97-296EDD12B8DA}"
EndProject
Global
	GlobalSection(SolutionConfigurationPlatforms) = preSolution
		Debug|Any CPU = Debug|Any CPU
		Release|Any CPU = Release|Any CPU
	EndGlobalSection
	GlobalSection(ProjectConfigurationPlatforms) = postSolution
		{043E50F5-E7DD-4479-AD97-296EDD12B8DA}.Debug|Any CPU.ActiveCfg = Debug|Any CPU
		{043E50F5-E7DD-4479-AD97-296EDD12B8DA}.Debug|Any CPU.Build.0 = Debug|Any CPU
		{043E50F5-E7DD-4479-AD97-296EDD12B8DA}.Release|Any CPU.ActiveCfg = Release|Any CPU
		{043E50F5-E7DD-4479-AD97-296EDD12B8DA}.Release|Any CPU.Build.0 = Release|Any CPU
	EndGlobalSection
	GlobalSection(SolutionProperties) = preSolution
		HideSolutionNode = FALSE
	EndGlobalSection
	GlobalSection(ExtensibilityGlobals) = postSolution
		SolutionGuid = {C9462280-6E26-406D-B436-F68483312123}
	EndGlobalSection
EndGlobal
